// !$*UTF8*$!
{
	archiveVersion = 1;
	classes = {
	};
	objectVersion = 50;
	objects = {

/* Begin PBXBuildFile section */
		0A36092E25C10A5D00490CC3 /* AppDelegate.m in Sources */ = {isa = PBXBuildFile; fileRef = 0A36092D25C10A5D00490CC3 /* AppDelegate.m */; };
		0A36093125C10A5D00490CC3 /* SceneDelegate.m in Sources */ = {isa = PBXBuildFile; fileRef = 0A36093025C10A5D00490CC3 /* SceneDelegate.m */; };
		0A36093425C10A5D00490CC3 /* ViewController.m in Sources */ = {isa = PBXBuildFile; fileRef = 0A36093325C10A5D00490CC3 /* ViewController.m */; };
		0A36093725C10A5D00490CC3 /* Main.storyboard in Resources */ = {isa = PBXBuildFile; fileRef = 0A36093525C10A5D00490CC3 /* Main.storyboard */; };
		0A36093925C10A5F00490CC3 /* Assets.xcassets in Resources */ = {isa = PBXBuildFile; fileRef = 0A36093825C10A5F00490CC3 /* Assets.xcassets */; };
		0A36093C25C10A5F00490CC3 /* LaunchScreen.storyboard in Resources */ = {isa = PBXBuildFile; fileRef = 0A36093A25C10A5F00490CC3 /* LaunchScreen.storyboard */; };
		0A36093F25C10A5F00490CC3 /* main.m in Sources */ = {isa = PBXBuildFile; fileRef = 0A36093E25C10A5F00490CC3 /* main.m */; };
/* End PBXBuildFile section */

/* Begin PBXFileReference section */
		0A36092925C10A5D00490CC3 /* DouYuZB.app */ = {isa = PBXFileReference; explicitFileType = wrapper.application; includeInIndex = 0; path = DouYuZB.app; sourceTree = BUILT_PRODUCTS_DIR; };
		0A36092C25C10A5D00490CC3 /* AppDelegate.h */ = {isa = PBXFileReference; lastKnownFileType = sourcecode.c.h; path = AppDelegate.h; sourceTree = "<group>"; };
		0A36092D25C10A5D00490CC3 /* AppDelegate.m */ = {isa = PBXFileReference; lastKnownFileType = sourcecode.c.objc; path = AppDelegate.m; sourceTree = "<group>"; };
		0A36092F25C10A5D00490CC3 /* SceneDelegate.h */ = {isa = PBXFileReference; lastKnownFileType = sourcecode.c.h; path = SceneDelegate.h; sourceTree = "<group>"; };
		0A36093025C10A5D00490CC3 /* SceneDelegate.m */ = {isa = PBXFileReference; lastKnownFileType = sourcecode.c.objc; path = SceneDelegate.m; sourceTree = "<group>"; };
		0A36093225C10A5D00490CC3 /* ViewController.h */ = {isa = PBXFileReference; lastKnownFileType = sourcecode.c.h; path = ViewController.h; sourceTree = "<group>"; };
		0A36093325C10A5D00490CC3 /* ViewController.m */ = {isa = PBXFileReference; lastKnownFileType = sourcecode.c.objc; path = ViewController.m; sourceTree = "<group>"; };
		0A36093625C10A5D00490CC3 /* Base */ = {isa = PBXFileReference; lastKnownFileType = file.storyboard; name = Base; path = Base.lproj/Main.storyboard; sourceTree = "<group>"; };
		0A36093825C10A5F00490CC3 /* Assets.xcassets */ = {isa = PBXFileReference; lastKnownFileType = folder.assetcatalog; path = Assets.xcassets; sourceTree = "<group>"; };
		0A36093B25C10A5F00490CC3 /* Base */ = {isa = PBXFileReference; lastKnownFileType = file.storyboard; name = Base; path = Base.lproj/LaunchScreen.storyboard; sourceTree = "<group>"; };
		0A36093D25C10A5F00490CC3 /* Info.plist */ = {isa = PBXFileReference; lastKnownFileType = text.plist.xml; path = Info.plist; sourceTree = "<group>"; };
		0A36093E25C10A5F00490CC3 /* main.m */ = {isa = PBXFileReference; lastKnownFileType = sourcecode.c.objc; path = main.m; sourceTree = "<group>"; };
/* End PBXFileReference section */

/* Begin PBXFrameworksBuildPhase section */
		0A36092625C10A5D00490CC3 /* Frameworks */ = {
			isa = PBXFrameworksBuildPhase;
			buildActionMask = 2147483647;
			files = (
			);
			runOnlyForDeploymentPostprocessing = 0;
		};
/* End PBXFrameworksBuildPhase section */

/* Begin PBXGroup section */
		0A36092025C10A5D00490CC3 = {
			isa = PBXGroup;
			children = (
				0A36092B25C10A5D00490CC3 /* DouYuZB */,
				0A36092A25C10A5D00490CC3 /* Products */,
			);
			sourceTree = "<group>";
		};
		0A36092A25C10A5D00490CC3 /* Products */ = {
			isa = PBXGroup;
			children = (
				0A36092925C10A5D00490CC3 /* DouYuZB.app */,
			);
			name = Products;
			sourceTree = "<group>";
		};
		0A36092B25C10A5D00490CC3 /* DouYuZB */ = {
			isa = PBXGroup;
			children = (
				0A36094525C11AE500490CC3 /* Classes */,
				0A36092C25C10A5D00490CC3 /* AppDelegate.h */,
				0A36092D25C10A5D00490CC3 /* AppDelegate.m */,
				0A36092F25C10A5D00490CC3 /* SceneDelegate.h */,
				0A36093025C10A5D00490CC3 /* SceneDelegate.m */,
				0A36093225C10A5D00490CC3 /* ViewController.h */,
				0A36093325C10A5D00490CC3 /* ViewController.m */,
				0A36093525C10A5D00490CC3 /* Main.storyboard */,
				0A36093825C10A5F00490CC3 /* Assets.xcassets */,
				0A36093A25C10A5F00490CC3 /* LaunchScreen.storyboard */,
				0A36093D25C10A5F00490CC3 /* Info.plist */,
				0A36093E25C10A5F00490CC3 /* main.m */,
			);
			path = DouYuZB;
			sourceTree = "<group>";
		};
		0A36094525C11AE500490CC3 /* Classes */ = {
			isa = PBXGroup;
			children = (
				0A36094B25C11AE500490CC3 /* Main */,
				0A36094625C11AE500490CC3 /* Home */,
				0A36094925C11AE500490CC3 /* Live */,
				0A36094A25C11AE500490CC3 /* Flollow */,
				0A36094825C11AE500490CC3 /* Profile */,
				0A36094725C11AE500490CC3 /* Tools */,
			);
			path = Classes;
			sourceTree = "<group>";
		};
		0A36094625C11AE500490CC3 /* Home */ = {
			isa = PBXGroup;
			children = (
			);
			path = Home;
			sourceTree = "<group>";
		};
		0A36094725C11AE500490CC3 /* Tools */ = {
			isa = PBXGroup;
			children = (
			);
			path = Tools;
			sourceTree = "<group>";
		};
		0A36094825C11AE500490CC3 /* Profile */ = {
			isa = PBXGroup;
			children = (
			);
			path = Profile;
			sourceTree = "<group>";
		};
		0A36094925C11AE500490CC3 /* Live */ = {
			isa = PBXGroup;
			children = (
			);
			path = Live;
			sourceTree = "<group>";
		};
		0A36094A25C11AE500490CC3 /* Flollow */ = {
			isa = PBXGroup;
			children = (
			);
			path = Flollow;
			sourceTree = "<group>";
		};
		0A36094B25C11AE500490CC3 /* Main */ = {
			isa = PBXGroup;
			children = (
			);
			path = Main;
			sourceTree = "<group>";
		};
/* End PBXGroup section */

/* Begin PBXNativeTarget section */
		0A36092825C10A5D00490CC3 /* DouYuZB */ = {
			isa = PBXNativeTarget;
			buildConfigurationList = 0A36094225C10A5F00490CC3 /* Build configuration list for PBXNativeTarget "DouYuZB" */;
			buildPhases = (
				0A36092525C10A5D00490CC3 /* Sources */,
				0A36092625C10A5D00490CC3 /* Frameworks */,
				0A36092725C10A5D00490CC3 /* Resources */,
			);
			buildRules = (
			);
			dependencies = (
			);
			name = DouYuZB;
			productName = DouYuZB;
			productReference = 0A36092925C10A5D00490CC3 /* DouYuZB.app */;
			productType = "com.apple.product-type.application";
		};
/* End PBXNativeTarget section */

/* Begin PBXProject section */
		0A36092125C10A5D00490CC3 /* Project object */ = {
			isa = PBXProject;
			attributes = {
				LastUpgradeCheck = 1150;
				ORGANIZATIONNAME = "苏宝敬";
				TargetAttributes = {
					0A36092825C10A5D00490CC3 = {
						CreatedOnToolsVersion = 11.5;
					};
				};
			};
			buildConfigurationList = 0A36092425C10A5D00490CC3 /* Build configuration list for PBXProject "DouYuZB" */;
			compatibilityVersion = "Xcode 9.3";
			developmentRegion = en;
			hasScannedForEncodings = 0;
			knownRegions = (
				en,
				Base,
			);
			mainGroup = 0A36092025C10A5D00490CC3;
			productRefGroup = 0A36092A25C10A5D00490CC3 /* Products */;
			projectDirPath = "";
			projectRoot = "";
			targets = (
				0A36092825C10A5D00490CC3 /* DouYuZB */,
			);
		};
/* End PBXProject section */

/* Begin PBXResourcesBuildPhase section */
		0A36092725C10A5D00490CC3 /* Resources */ = {
			isa = PBXResourcesBuildPhase;
			buildActionMask = 2147483647;
			files = (
				0A36093C25C10A5F00490CC3 /* LaunchScreen.storyboard in Resources */,
				0A36093925C10A5F00490CC3 /* Assets.xcassets in Resources */,
				0A36093725C10A5D00490CC3 /* Main.storyboard in Resources */,
			);
			runOnlyForDeploymentPostprocessing = 0;
		};
/* End PBXResourcesBuildPhase section */

/* Begin PBXSourcesBuildPhase section */
		0A36092525C10A5D00490CC3 /* Sources */ = {
			isa = PBXSourcesBuildPhase;
			buildActionMask = 2147483647;
			files = (
				0A36093425C10A5D00490CC3 /* ViewController.m in Sources */,
				0A36092E25C10A5D00490CC3 /* AppDelegate.m in Sources */,
				0A36093F25C10A5F00490CC3 /* main.m in Sources */,
				0A36093125C10A5D00490CC3 /* SceneDelegate.m in Sources */,
			);
			runOnlyForDeploymentPostprocessing = 0;
		};
/* End PBXSourcesBuildPhase section */

/* Begin PBXVariantGroup section */
		0A36093525C10A5D00490CC3 /* Main.storyboard */ = {
			isa = PBXVariantGroup;
			children = (
				0A36093625C10A5D00490CC3 /* Base */,
			);
			name = Main.storyboard;
			sourceTree = "<group>";
		};
		0A36093A25C10A5F00490CC3 /* LaunchScreen.storyboard */ = {
			isa = PBXVariantGroup;
			children = (
				0A36093B25C10A5F00490CC3 /* Base */,
			);
			name = LaunchScreen.storyboard;
			sourceTree = "<group>";
		};
/* End PBXVariantGroup section */

/* Begin XCBuildConfiguration section */
		0A36094025C10A5F00490CC3 /* Debug */ = {
			isa = XCBuildConfiguration;
			buildSettings = {
				ALWAYS_SEARCH_USER_PATHS = NO;
				CLANG_ANALYZER_NONNULL = YES;
				CLANG_ANALYZER_NUMBER_OBJECT_CONVERSION = YES_AGGRESSIVE;
				CLANG_CXX_LANGUAGE_STANDARD = "gnu++14";
				CLANG_CXX_LIBRARY = "libc++";
				CLANG_ENABLE_MODULES = YES;
				CLANG_ENABLE_OBJC_ARC = YES;
				CLANG_ENABLE_OBJC_WEAK = YES;
				CLANG_WARN_BLOCK_CAPTURE_AUTORELEASING = YES;
				CLANG_WARN_BOOL_CONVERSION = YES;
				CLANG_WARN_COMMA = YES;
				CLANG_WARN_CONSTANT_CONVERSION = YES;
				CLANG_WARN_DEPRECATED_OBJC_IMPLEMENTATIONS = YES;
				CLANG_WARN_DIRECT_OBJC_ISA_USAGE = YES_ERROR;
				CLANG_WARN_DOCUMENTATION_COMMENTS = YES;
				CLANG_WARN_EMPTY_BODY = YES;
				CLANG_WARN_ENUM_CONVERSION = YES;
				CLANG_WARN_INFINITE_RECURSION = YES;
				CLANG_WARN_INT_CONVERSION = YES;
				CLANG_WARN_NON_LITERAL_NULL_CONVERSION = YES;
				CLANG_WARN_OBJC_IMPLICIT_RETAIN_SELF = YES;
				CLANG_WARN_OBJC_LITERAL_CONVERSION = YES;
				CLANG_WARN_OBJC_ROOT_CLASS = YES_ERROR;
				CLANG_WARN_RANGE_LOOP_ANALYSIS = YES;
				CLANG_WARN_STRICT_PROTOTYPES = YES;
				CLANG_WARN_SUSPICIOUS_MOVE = YES;
				CLANG_WARN_UNGUARDED_AVAILABILITY = YES_AGGRESSIVE;
				CLANG_WARN_UNREACHABLE_CODE = YES;
				CLANG_WARN__DUPLICATE_METHOD_MATCH = YES;
				COPY_PHASE_STRIP = NO;
				DEBUG_INFORMATION_FORMAT = dwarf;
				ENABLE_STRICT_OBJC_MSGSEND = YES;
				ENABLE_TESTABILITY = YES;
				GCC_C_LANGUAGE_STANDARD = gnu11;
				GCC_DYNAMIC_NO_PIC = NO;
				GCC_NO_COMMON_BLOCKS = YES;
				GCC_OPTIMIZATION_LEVEL = 0;
				GCC_PREPROCESSOR_DEFINITIONS = (
					"DEBUG=1",
					"$(inherited)",
				);
				GCC_WARN_64_TO_32_BIT_CONVERSION = YES;
				GCC_WARN_ABOUT_RETURN_TYPE = YES_ERROR;
				GCC_WARN_UNDECLARED_SELECTOR = YES;
				GCC_WARN_UNINITIALIZED_AUTOS = YES_AGGRESSIVE;
				GCC_WARN_UNUSED_FUNCTION = YES;
				GCC_WARN_UNUSED_VARIABLE = YES;
				IPHONEOS_DEPLOYMENT_TARGET = 13.5;
				MTL_ENABLE_DEBUG_INFO = INCLUDE_SOURCE;
				MTL_FAST_MATH = YES;
				ONLY_ACTIVE_ARCH = YES;
				SDKROOT = iphoneos;
			};
			name = Debug;
		};
		0A36094125C10A5F00490CC3 /* Release */ = {
			isa = XCBuildConfiguration;
			buildSettings = {
				ALWAYS_SEARCH_USER_PATHS = NO;
				CLANG_ANALYZER_NONNULL = YES;
				CLANG_ANALYZER_NUMBER_OBJECT_CONVERSION = YES_AGGRESSIVE;
				CLANG_CXX_LANGUAGE_STANDARD = "gnu++14";
				CLANG_CXX_LIBRARY = "libc++";
				CLANG_ENABLE_MODULES = YES;
				CLANG_ENABLE_OBJC_ARC = YES;
				CLANG_ENABLE_OBJC_WEAK = YES;
				CLANG_WARN_BLOCK_CAPTURE_AUTORELEASING = YES;
				CLANG_WARN_BOOL_CONVERSION = YES;
				CLANG_WARN_COMMA = YES;
				CLANG_WARN_CONSTANT_CONVERSION = YES;
				CLANG_WARN_DEPRECATED_OBJC_IMPLEMENTATIONS = YES;
				CLANG_WARN_DIRECT_OBJC_ISA_USAGE = YES_ERROR;
				CLANG_WARN_DOCUMENTATION_COMMENTS = YES;
				CLANG_WARN_EMPTY_BODY = YES;
				CLANG_WARN_ENUM_CONVERSION = YES;
				CLANG_WARN_INFINITE_RECURSION = YES;
				CLANG_WARN_INT_CONVERSION = YES;
				CLANG_WARN_NON_LITERAL_NULL_CONVERSION = YES;
				CLANG_WARN_OBJC_IMPLICIT_RETAIN_SELF = YES;
				CLANG_WARN_OBJC_LITERAL_CONVERSION = YES;
				CLANG_WARN_OBJC_ROOT_CLASS = YES_ERROR;
				CLANG_WARN_RANGE_LOOP_ANALYSIS = YES;
				CLANG_WARN_STRICT_PROTOTYPES = YES;
				CLANG_WARN_SUSPICIOUS_MOVE = YES;
				CLANG_WARN_UNGUARDED_AVAILABILITY = YES_AGGRESSIVE;
				CLANG_WARN_UNREACHABLE_CODE = YES;
				CLANG_WARN__DUPLICATE_METHOD_MATCH = YES;
				COPY_PHASE_STRIP = NO;
				DEBUG_INFORMATION_FORMAT = "dwarf-with-dsym";
				ENABLE_NS_ASSERTIONS = NO;
				ENABLE_STRICT_OBJC_MSGSEND = YES;
				GCC_C_LANGUAGE_STANDARD = gnu11;
				GCC_NO_COMMON_BLOCKS = YES;
				GCC_WARN_64_TO_32_BIT_CONVERSION = YES;
				GCC_WARN_ABOUT_RETURN_TYPE = YES_ERROR;
				GCC_WARN_UNDECLARED_SELECTOR = YES;
				GCC_WARN_UNINITIALIZED_AUTOS = YES_AGGRESSIVE;
				GCC_WARN_UNUSED_FUNCTION = YES;
				GCC_WARN_UNUSED_VARIABLE = YES;
				IPHONEOS_DEPLOYMENT_TARGET = 13.5;
				MTL_ENABLE_DEBUG_INFO = NO;
				MTL_FAST_MATH = YES;
				SDKROOT = iphoneos;
				VALIDATE_PRODUCT = YES;
			};
			name = Release;
		};
		0A36094325C10A5F00490CC3 /* Debug */ = {
			isa = XCBuildConfiguration;
			buildSettings = {
				ASSETCATALOG_COMPILER_APPICON_NAME = AppIcon;
				CODE_SIGN_STYLE = Automatic;
				INFOPLIST_FILE = DouYuZB/Info.plist;
				LD_RUNPATH_SEARCH_PATHS = (
					"$(inherited)",
					"@executable_path/Frameworks",
				);
				PRODUCT_BUNDLE_IDENTIFIER = com.xgsdk.demoapp.DouYuZB;
				PRODUCT_NAME = "$(TARGET_NAME)";
				TARGETED_DEVICE_FAMILY = "1,2";
			};
			name = Debug;
		};
		0A36094425C10A5F00490CC3 /* Release */ = {
			isa = XCBuildConfiguration;
			buildSettings = {
				ASSETCATALOG_COMPILER_APPICON_NAME = AppIcon;
				CODE_SIGN_STYLE = Automatic;
				INFOPLIST_FILE = DouYuZB/Info.plist;
				LD_RUNPATH_SEARCH_PATHS = (
					"$(inherited)",
					"@executable_path/Frameworks",
				);
				PRODUCT_BUNDLE_IDENTIFIER = com.xgsdk.demoapp.DouYuZB;
				PRODUCT_NAME = "$(TARGET_NAME)";
				TARGETED_DEVICE_FAMILY = "1,2";
			};
			name = Release;
		};
/* End XCBuildConfiguration section */

/* Begin XCConfigurationList section */
		0A36092425C10A5D00490CC3 /* Build configuration list for PBXProject "DouYuZB" */ = {
			isa = XCConfigurationList;
			buildConfigurations = (
				0A36094025C10A5F00490CC3 /* Debug */,
				0A36094125C10A5F00490CC3 /* Release */,
			);
			defaultConfigurationIsVisible = 0;
			defaultConfigurationName = Release;
		};
		0A36094225C10A5F00490CC3 /* Build configuration list for PBXNativeTarget "DouYuZB" */ = {
			isa = XCConfigurationList;
			buildConfigurations = (
				0A36094325C10A5F00490CC3 /* Debug */,
				0A36094425C10A5F00490CC3 /* Release */,
			);
			defaultConfigurationIsVisible = 0;
			defaultConfigurationName = Release;
		};
/* End XCConfigurationList section */
	};
	rootObject = 0A36092125C10A5D00490CC3 /* Project object */;
}
